// !$*UTF8*$!
{
	archiveVersion = 1;
	classes = {
	};
	objectVersion = 50;
	objects = {

/* Begin PBXBuildFile section */
		2530224420E1D3B800EB5E6A /* GoogleService-Info.plist in Resources */ = {isa = PBXBuildFile; fileRef = 2530224320E1D3B700EB5E6A /* GoogleService-Info.plist */; };
		253104D220A24E0C0004966E /* AppDelegate.swift in Sources */ = {isa = PBXBuildFile; fileRef = 253104D120A24E0C0004966E /* AppDelegate.swift */; };
		253104D420A24E0C0004966E /* HomeDatasourceController.swift in Sources */ = {isa = PBXBuildFile; fileRef = 253104D320A24E0C0004966E /* HomeDatasourceController.swift */; };
		253104D920A24E140004966E /* Assets.xcassets in Resources */ = {isa = PBXBuildFile; fileRef = 253104D820A24E140004966E /* Assets.xcassets */; };
		253104DC20A24E140004966E /* LaunchScreen.storyboard in Resources */ = {isa = PBXBuildFile; fileRef = 253104DA20A24E140004966E /* LaunchScreen.storyboard */; };
		25907A7420C8C6D600DE3483 /* CarouselCell.swift in Sources */ = {isa = PBXBuildFile; fileRef = 25907A7320C8C6D600DE3483 /* CarouselCell.swift */; };
		25907A7B20CA090700DE3483 /* HomePageJson.plist in Resources */ = {isa = PBXBuildFile; fileRef = 25907A7A20CA090700DE3483 /* HomePageJson.plist */; };
		25907A7F20D7428F00DE3483 /* MainTabBarController.swift in Sources */ = {isa = PBXBuildFile; fileRef = 25907A7E20D7428F00DE3483 /* MainTabBarController.swift */; };
		25907A8120D7647B00DE3483 /* SearchDatasourceController.swift in Sources */ = {isa = PBXBuildFile; fileRef = 25907A8020D7647B00DE3483 /* SearchDatasourceController.swift */; };
		25E356FE20AA72BE0028C33D /* SellingCell.swift in Sources */ = {isa = PBXBuildFile; fileRef = 25E356FD20AA72BE0028C33D /* SellingCell.swift */; };
		25E3570020AA72EF0028C33D /* Item.swift in Sources */ = {isa = PBXBuildFile; fileRef = 25E356FF20AA72EF0028C33D /* Item.swift */; };
		25E3570420AB8FDB0028C33D /* ArticleCell.swift in Sources */ = {isa = PBXBuildFile; fileRef = 25E3570320AB8FDB0028C33D /* ArticleCell.swift */; };
		25E3570620ABDD500028C33D /* Article.swift in Sources */ = {isa = PBXBuildFile; fileRef = 25E3570520ABDD500028C33D /* Article.swift */; };
		25E3570820ABDDB00028C33D /* User.swift in Sources */ = {isa = PBXBuildFile; fileRef = 25E3570720ABDDB00028C33D /* User.swift */; };
		25E3571020B108B00028C33D /* ItemImage.swift in Sources */ = {isa = PBXBuildFile; fileRef = 25E3570F20B108B00028C33D /* ItemImage.swift */; };
		25E3571A20B904600028C33D /* ItemCategory.swift in Sources */ = {isa = PBXBuildFile; fileRef = 25E3571920B9045F0028C33D /* ItemCategory.swift */; };
		25E3571E20BF439A0028C33D /* MenuCell.swift in Sources */ = {isa = PBXBuildFile; fileRef = 25E3571D20BF439A0028C33D /* MenuCell.swift */; };
		25EF70FB20A64CEA006E4C5D /* HomeDatasource.swift in Sources */ = {isa = PBXBuildFile; fileRef = 25EF70FA20A64CEA006E4C5D /* HomeDatasource.swift */; };
		25EF70FD20A64F4F006E4C5D /* HeaderFooterCells.swift in Sources */ = {isa = PBXBuildFile; fileRef = 25EF70FC20A64F4F006E4C5D /* HeaderFooterCells.swift */; };
		6AC7030A6EF736E8AD8B50DE /* Pods_MLife.framework in Frameworks */ = {isa = PBXBuildFile; fileRef = D612D36C5312EFE1D9DE8DEC /* Pods_MLife.framework */; };
/* End PBXBuildFile section */

/* Begin PBXFileReference section */
		00F01E9D91B5D1F83EDCABBF /* Pods-MLife.debug.xcconfig */ = {isa = PBXFileReference; includeInIndex = 1; lastKnownFileType = text.xcconfig; name = "Pods-MLife.debug.xcconfig"; path = "Pods/Target Support Files/Pods-MLife/Pods-MLife.debug.xcconfig"; sourceTree = "<group>"; };
		2530224320E1D3B700EB5E6A /* GoogleService-Info.plist */ = {isa = PBXFileReference; fileEncoding = 4; lastKnownFileType = text.plist.xml; path = "GoogleService-Info.plist"; sourceTree = "<group>"; };
		253104CE20A24E0C0004966E /* MLife.app */ = {isa = PBXFileReference; explicitFileType = wrapper.application; includeInIndex = 0; path = MLife.app; sourceTree = BUILT_PRODUCTS_DIR; };
		253104D120A24E0C0004966E /* AppDelegate.swift */ = {isa = PBXFileReference; lastKnownFileType = sourcecode.swift; path = AppDelegate.swift; sourceTree = "<group>"; };
		253104D320A24E0C0004966E /* HomeDatasourceController.swift */ = {isa = PBXFileReference; lastKnownFileType = sourcecode.swift; path = HomeDatasourceController.swift; sourceTree = "<group>"; };
		253104D820A24E140004966E /* Assets.xcassets */ = {isa = PBXFileReference; lastKnownFileType = folder.assetcatalog; path = Assets.xcassets; sourceTree = "<group>"; };
		253104DB20A24E140004966E /* Base */ = {isa = PBXFileReference; lastKnownFileType = file.storyboard; name = Base; path = Base.lproj/LaunchScreen.storyboard; sourceTree = "<group>"; };
		253104DD20A24E140004966E /* Info.plist */ = {isa = PBXFileReference; lastKnownFileType = text.plist.xml; path = Info.plist; sourceTree = "<group>"; };
		25907A7320C8C6D600DE3483 /* CarouselCell.swift */ = {isa = PBXFileReference; lastKnownFileType = sourcecode.swift; path = CarouselCell.swift; sourceTree = "<group>"; };
		25907A7A20CA090700DE3483 /* HomePageJson.plist */ = {isa = PBXFileReference; lastKnownFileType = text.plist.xml; path = HomePageJson.plist; sourceTree = "<group>"; };
		25907A7E20D7428F00DE3483 /* MainTabBarController.swift */ = {isa = PBXFileReference; lastKnownFileType = sourcecode.swift; path = MainTabBarController.swift; sourceTree = "<group>"; };
		25907A8020D7647B00DE3483 /* SearchDatasourceController.swift */ = {isa = PBXFileReference; lastKnownFileType = sourcecode.swift; path = SearchDatasourceController.swift; sourceTree = "<group>"; };
		25E356FD20AA72BE0028C33D /* SellingCell.swift */ = {isa = PBXFileReference; lastKnownFileType = sourcecode.swift; path = SellingCell.swift; sourceTree = "<group>"; };
		25E356FF20AA72EF0028C33D /* Item.swift */ = {isa = PBXFileReference; lastKnownFileType = sourcecode.swift; path = Item.swift; sourceTree = "<group>"; };
		25E3570320AB8FDB0028C33D /* ArticleCell.swift */ = {isa = PBXFileReference; lastKnownFileType = sourcecode.swift; path = ArticleCell.swift; sourceTree = "<group>"; };
		25E3570520ABDD500028C33D /* Article.swift */ = {isa = PBXFileReference; lastKnownFileType = sourcecode.swift; path = Article.swift; sourceTree = "<group>"; };
		25E3570720ABDDB00028C33D /* User.swift */ = {isa = PBXFileReference; lastKnownFileType = sourcecode.swift; path = User.swift; sourceTree = "<group>"; };
		25E3570F20B108B00028C33D /* ItemImage.swift */ = {isa = PBXFileReference; lastKnownFileType = sourcecode.swift; path = ItemImage.swift; sourceTree = "<group>"; };
		25E3571920B9045F0028C33D /* ItemCategory.swift */ = {isa = PBXFileReference; lastKnownFileType = sourcecode.swift; path = ItemCategory.swift; sourceTree = "<group>"; };
		25E3571D20BF439A0028C33D /* MenuCell.swift */ = {isa = PBXFileReference; lastKnownFileType = sourcecode.swift; path = MenuCell.swift; sourceTree = "<group>"; };
		25EF70FA20A64CEA006E4C5D /* HomeDatasource.swift */ = {isa = PBXFileReference; lastKnownFileType = sourcecode.swift; path = HomeDatasource.swift; sourceTree = "<group>"; };
		25EF70FC20A64F4F006E4C5D /* HeaderFooterCells.swift */ = {isa = PBXFileReference; lastKnownFileType = sourcecode.swift; path = HeaderFooterCells.swift; sourceTree = "<group>"; };
		3AD2EA0C303D40C4D0156571 /* Pods-MLife.release.xcconfig */ = {isa = PBXFileReference; includeInIndex = 1; lastKnownFileType = text.xcconfig; name = "Pods-MLife.release.xcconfig"; path = "Pods/Target Support Files/Pods-MLife/Pods-MLife.release.xcconfig"; sourceTree = "<group>"; };
		D612D36C5312EFE1D9DE8DEC /* Pods_MLife.framework */ = {isa = PBXFileReference; explicitFileType = wrapper.framework; includeInIndex = 0; path = Pods_MLife.framework; sourceTree = BUILT_PRODUCTS_DIR; };
/* End PBXFileReference section */

/* Begin PBXFrameworksBuildPhase section */
		253104CB20A24E0C0004966E /* Frameworks */ = {
			isa = PBXFrameworksBuildPhase;
			buildActionMask = 2147483647;
			files = (
				6AC7030A6EF736E8AD8B50DE /* Pods_MLife.framework in Frameworks */,
			);
			runOnlyForDeploymentPostprocessing = 0;
		};
/* End PBXFrameworksBuildPhase section */

/* Begin PBXGroup section */
		238DA438410966A13D6AD425 /* Frameworks */ = {
			isa = PBXGroup;
			children = (
				D612D36C5312EFE1D9DE8DEC /* Pods_MLife.framework */,
			);
			name = Frameworks;
			sourceTree = "<group>";
		};
		253104C520A24E0C0004966E = {
			isa = PBXGroup;
			children = (
				253104D020A24E0C0004966E /* MLife */,
				253104CF20A24E0C0004966E /* Products */,
				30BB5D9FF1BA9B7C275A7D66 /* Pods */,
				238DA438410966A13D6AD425 /* Frameworks */,
			);
			sourceTree = "<group>";
		};
		253104CF20A24E0C0004966E /* Products */ = {
			isa = PBXGroup;
			children = (
				253104CE20A24E0C0004966E /* MLife.app */,
			);
			name = Products;
			sourceTree = "<group>";
		};
		253104D020A24E0C0004966E /* MLife */ = {
			isa = PBXGroup;
			children = (
				25907A7920CA08E500DE3483 /* Json */,
				25EF70CB20A28D0B006E4C5D /* View */,
				25EF70F920A64CC5006E4C5D /* Model */,
				25EF70CD20A28D1E006E4C5D /* Controller */,
				253104D120A24E0C0004966E /* AppDelegate.swift */,
				253104D820A24E140004966E /* Assets.xcassets */,
				253104DA20A24E140004966E /* LaunchScreen.storyboard */,
				253104DD20A24E140004966E /* Info.plist */,
				2530224320E1D3B700EB5E6A /* GoogleService-Info.plist */,
			);
			path = MLife;
			sourceTree = "<group>";
		};
		25907A7920CA08E500DE3483 /* Json */ = {
			isa = PBXGroup;
			children = (
				25907A7A20CA090700DE3483 /* HomePageJson.plist */,
			);
			path = Json;
			sourceTree = "<group>";
		};
		25EF70CB20A28D0B006E4C5D /* View */ = {
			isa = PBXGroup;
			children = (
				25EF70FC20A64F4F006E4C5D /* HeaderFooterCells.swift */,
				25E356FD20AA72BE0028C33D /* SellingCell.swift */,
				25E3570320AB8FDB0028C33D /* ArticleCell.swift */,
				25E3571D20BF439A0028C33D /* MenuCell.swift */,
				25907A7320C8C6D600DE3483 /* CarouselCell.swift */,
			);
			path = View;
			sourceTree = "<group>";
		};
		25EF70CD20A28D1E006E4C5D /* Controller */ = {
			isa = PBXGroup;
			children = (
				25907A7E20D7428F00DE3483 /* MainTabBarController.swift */,
				253104D320A24E0C0004966E /* HomeDatasourceController.swift */,
				25907A8020D7647B00DE3483 /* SearchDatasourceController.swift */,
			);
			path = Controller;
			sourceTree = "<group>";
		};
		25EF70F920A64CC5006E4C5D /* Model */ = {
			isa = PBXGroup;
			children = (
				25EF70FA20A64CEA006E4C5D /* HomeDatasource.swift */,
				25E356FF20AA72EF0028C33D /* Item.swift */,
				25E3570520ABDD500028C33D /* Article.swift */,
				25E3570720ABDDB00028C33D /* User.swift */,
				25E3570F20B108B00028C33D /* ItemImage.swift */,
				25E3571920B9045F0028C33D /* ItemCategory.swift */,
			);
			path = Model;
			sourceTree = "<group>";
		};
		30BB5D9FF1BA9B7C275A7D66 /* Pods */ = {
			isa = PBXGroup;
			children = (
				00F01E9D91B5D1F83EDCABBF /* Pods-MLife.debug.xcconfig */,
				3AD2EA0C303D40C4D0156571 /* Pods-MLife.release.xcconfig */,
			);
			name = Pods;
			sourceTree = "<group>";
		};
/* End PBXGroup section */

/* Begin PBXNativeTarget section */
		253104CD20A24E0C0004966E /* MLife */ = {
			isa = PBXNativeTarget;
			buildConfigurationList = 253104E020A24E140004966E /* Build configuration list for PBXNativeTarget "MLife" */;
			buildPhases = (
				0A2A622136B200F292966A6D /* [CP] Check Pods Manifest.lock */,
				253104CA20A24E0C0004966E /* Sources */,
				253104CB20A24E0C0004966E /* Frameworks */,
				253104CC20A24E0C0004966E /* Resources */,
				7565C89166C8B2BF9BA10FA4 /* [CP] Embed Pods Frameworks */,
			);
			buildRules = (
			);
			dependencies = (
			);
			name = MLife;
			productName = MLife;
			productReference = 253104CE20A24E0C0004966E /* MLife.app */;
			productType = "com.apple.product-type.application";
		};
/* End PBXNativeTarget section */

/* Begin PBXProject section */
		253104C620A24E0C0004966E /* Project object */ = {
			isa = PBXProject;
			attributes = {
				LastSwiftUpdateCheck = 0930;
				LastUpgradeCheck = 0930;
				ORGANIZATIONNAME = "Yi Zheng";
				TargetAttributes = {
					253104CD20A24E0C0004966E = {
						CreatedOnToolsVersion = 9.3;
					};
				};
			};
			buildConfigurationList = 253104C920A24E0C0004966E /* Build configuration list for PBXProject "MLife" */;
			compatibilityVersion = "Xcode 9.3";
			developmentRegion = en;
			hasScannedForEncodings = 0;
			knownRegions = (
				en,
				Base,
			);
			mainGroup = 253104C520A24E0C0004966E;
			productRefGroup = 253104CF20A24E0C0004966E /* Products */;
			projectDirPath = "";
			projectRoot = "";
			targets = (
				253104CD20A24E0C0004966E /* MLife */,
			);
		};
/* End PBXProject section */

/* Begin PBXResourcesBuildPhase section */
		253104CC20A24E0C0004966E /* Resources */ = {
			isa = PBXResourcesBuildPhase;
			buildActionMask = 2147483647;
			files = (
				253104DC20A24E140004966E /* LaunchScreen.storyboard in Resources */,
				2530224420E1D3B800EB5E6A /* GoogleService-Info.plist in Resources */,
				25907A7B20CA090700DE3483 /* HomePageJson.plist in Resources */,
				253104D920A24E140004966E /* Assets.xcassets in Resources */,
			);
			runOnlyForDeploymentPostprocessing = 0;
		};
/* End PBXResourcesBuildPhase section */

/* Begin PBXShellScriptBuildPhase section */
		0A2A622136B200F292966A6D /* [CP] Check Pods Manifest.lock */ = {
			isa = PBXShellScriptBuildPhase;
			buildActionMask = 2147483647;
			files = (
			);
			inputPaths = (
				"${PODS_PODFILE_DIR_PATH}/Podfile.lock",
				"${PODS_ROOT}/Manifest.lock",
			);
			name = "[CP] Check Pods Manifest.lock";
			outputPaths = (
				"$(DERIVED_FILE_DIR)/Pods-MLife-checkManifestLockResult.txt",
			);
			runOnlyForDeploymentPostprocessing = 0;
			shellPath = /bin/sh;
			shellScript = "diff \"${PODS_PODFILE_DIR_PATH}/Podfile.lock\" \"${PODS_ROOT}/Manifest.lock\" > /dev/null\nif [ $? != 0 ] ; then\n    # print error to STDERR\n    echo \"error: The sandbox is not in sync with the Podfile.lock. Run 'pod install' or update your CocoaPods installation.\" >&2\n    exit 1\nfi\n# This output is used by Xcode 'outputs' to avoid re-running this script phase.\necho \"SUCCESS\" > \"${SCRIPT_OUTPUT_FILE_0}\"\n";
			showEnvVarsInLog = 0;
		};
		7565C89166C8B2BF9BA10FA4 /* [CP] Embed Pods Frameworks */ = {
			isa = PBXShellScriptBuildPhase;
			buildActionMask = 2147483647;
			files = (
			);
			inputPaths = (
				"${SRCROOT}/Pods/Target Support Files/Pods-MLife/Pods-MLife-frameworks.sh",
				"${BUILT_PRODUCTS_DIR}/GTMSessionFetcher/GTMSessionFetcher.framework",
				"${BUILT_PRODUCTS_DIR}/GoogleToolboxForMac/GoogleToolboxForMac.framework",
				"${BUILT_PRODUCTS_DIR}/LBTAComponents/LBTAComponents.framework",
				"${BUILT_PRODUCTS_DIR}/leveldb-library/leveldb.framework",
			);
			name = "[CP] Embed Pods Frameworks";
			outputPaths = (
				"${TARGET_BUILD_DIR}/${FRAMEWORKS_FOLDER_PATH}/GTMSessionFetcher.framework",
				"${TARGET_BUILD_DIR}/${FRAMEWORKS_FOLDER_PATH}/GoogleToolboxForMac.framework",
				"${TARGET_BUILD_DIR}/${FRAMEWORKS_FOLDER_PATH}/LBTAComponents.framework",
				"${TARGET_BUILD_DIR}/${FRAMEWORKS_FOLDER_PATH}/leveldb.framework",
			);
			runOnlyForDeploymentPostprocessing = 0;
			shellPath = /bin/sh;
			shellScript = "\"${SRCROOT}/Pods/Target Support Files/Pods-MLife/Pods-MLife-frameworks.sh\"\n";
			showEnvVarsInLog = 0;
		};
/* End PBXShellScriptBuildPhase section */

/* Begin PBXSourcesBuildPhase section */
		253104CA20A24E0C0004966E /* Sources */ = {
			isa = PBXSourcesBuildPhase;
			buildActionMask = 2147483647;
			files = (
				25EF70FB20A64CEA006E4C5D /* HomeDatasource.swift in Sources */,
				25907A8120D7647B00DE3483 /* SearchDatasourceController.swift in Sources */,
				25EF70FD20A64F4F006E4C5D /* HeaderFooterCells.swift in Sources */,
				25E3571E20BF439A0028C33D /* MenuCell.swift in Sources */,
				25E3571020B108B00028C33D /* ItemImage.swift in Sources */,
				25E3571A20B904600028C33D /* ItemCategory.swift in Sources */,
				253104D420A24E0C0004966E /* HomeDatasourceController.swift in Sources */,
				253104D220A24E0C0004966E /* AppDelegate.swift in Sources */,
				25E3570620ABDD500028C33D /* Article.swift in Sources */,
				25E3570820ABDDB00028C33D /* User.swift in Sources */,
				25E3570420AB8FDB0028C33D /* ArticleCell.swift in Sources */,
				25907A7F20D7428F00DE3483 /* MainTabBarController.swift in Sources */,
				25E3570020AA72EF0028C33D /* Item.swift in Sources */,
				25907A7420C8C6D600DE3483 /* CarouselCell.swift in Sources */,
				25E356FE20AA72BE0028C33D /* SellingCell.swift in Sources */,
			);
			runOnlyForDeploymentPostprocessing = 0;
		};
/* End PBXSourcesBuildPhase section */

/* Begin PBXVariantGroup section */
		253104DA20A24E140004966E /* LaunchScreen.storyboard */ = {
			isa = PBXVariantGroup;
			children = (
				253104DB20A24E140004966E /* Base */,
			);
			name = LaunchScreen.storyboard;
			sourceTree = "<group>";
		};
/* End PBXVariantGroup section */

/* Begin XCBuildConfiguration section */
		253104DE20A24E140004966E /* Debug */ = {
			isa = XCBuildConfiguration;
			buildSettings = {
				ALWAYS_SEARCH_USER_PATHS = NO;
				CLANG_ANALYZER_NONNULL = YES;
				CLANG_ANALYZER_NUMBER_OBJECT_CONVERSION = YES_AGGRESSIVE;
				CLANG_CXX_LANGUAGE_STANDARD = "gnu++14";
				CLANG_CXX_LIBRARY = "libc++";
				CLANG_ENABLE_MODULES = YES;
				CLANG_ENABLE_OBJC_ARC = YES;
				CLANG_ENABLE_OBJC_WEAK = YES;
				CLANG_WARN_BLOCK_CAPTURE_AUTORELEASING = YES;
				CLANG_WARN_BOOL_CONVERSION = YES;
				CLANG_WARN_COMMA = YES;
				CLANG_WARN_CONSTANT_CONVERSION = YES;
				CLANG_WARN_DEPRECATED_OBJC_IMPLEMENTATIONS = YES;
				CLANG_WARN_DIRECT_OBJC_ISA_USAGE = YES_ERROR;
				CLANG_WARN_DOCUMENTATION_COMMENTS = YES;
				CLANG_WARN_EMPTY_BODY = YES;
				CLANG_WARN_ENUM_CONVERSION = YES;
				CLANG_WARN_INFINITE_RECURSION = YES;
				CLANG_WARN_INT_CONVERSION = YES;
				CLANG_WARN_NON_LITERAL_NULL_CONVERSION = YES;
				CLANG_WARN_OBJC_IMPLICIT_RETAIN_SELF = YES;
				CLANG_WARN_OBJC_LITERAL_CONVERSION = YES;
				CLANG_WARN_OBJC_ROOT_CLASS = YES_ERROR;
				CLANG_WARN_RANGE_LOOP_ANALYSIS = YES;
				CLANG_WARN_STRICT_PROTOTYPES = YES;
				CLANG_WARN_SUSPICIOUS_MOVE = YES;
				CLANG_WARN_UNGUARDED_AVAILABILITY = YES_AGGRESSIVE;
				CLANG_WARN_UNREACHABLE_CODE = YES;
				CLANG_WARN__DUPLICATE_METHOD_MATCH = YES;
				CODE_SIGN_IDENTITY = "iPhone Developer";
				COPY_PHASE_STRIP = NO;
				DEBUG_INFORMATION_FORMAT = dwarf;
				ENABLE_STRICT_OBJC_MSGSEND = YES;
				ENABLE_TESTABILITY = YES;
				GCC_C_LANGUAGE_STANDARD = gnu11;
				GCC_DYNAMIC_NO_PIC = NO;
				GCC_NO_COMMON_BLOCKS = YES;
				GCC_OPTIMIZATION_LEVEL = 0;
				GCC_PREPROCESSOR_DEFINITIONS = (
					"DEBUG=1",
					"$(inherited)",
				);
				GCC_WARN_64_TO_32_BIT_CONVERSION = YES;
				GCC_WARN_ABOUT_RETURN_TYPE = YES_ERROR;
				GCC_WARN_UNDECLARED_SELECTOR = YES;
				GCC_WARN_UNINITIALIZED_AUTOS = YES_AGGRESSIVE;
				GCC_WARN_UNUSED_FUNCTION = YES;
				GCC_WARN_UNUSED_VARIABLE = YES;
				IPHONEOS_DEPLOYMENT_TARGET = 11.3;
				MTL_ENABLE_DEBUG_INFO = YES;
				ONLY_ACTIVE_ARCH = YES;
				SDKROOT = iphoneos;
				SWIFT_ACTIVE_COMPILATION_CONDITIONS = DEBUG;
				SWIFT_OPTIMIZATION_LEVEL = "-Onone";
			};
			name = Debug;
		};
		253104DF20A24E140004966E /* Release */ = {
			isa = XCBuildConfiguration;
			buildSettings = {
				ALWAYS_SEARCH_USER_PATHS = NO;
				CLANG_ANALYZER_NONNULL = YES;
				CLANG_ANALYZER_NUMBER_OBJECT_CONVERSION = YES_AGGRESSIVE;
				CLANG_CXX_LANGUAGE_STANDARD = "gnu++14";
				CLANG_CXX_LIBRARY = "libc++";
				CLANG_ENABLE_MODULES = YES;
				CLANG_ENABLE_OBJC_ARC = YES;
				CLANG_ENABLE_OBJC_WEAK = YES;
				CLANG_WARN_BLOCK_CAPTURE_AUTORELEASING = YES;
				CLANG_WARN_BOOL_CONVERSION = YES;
				CLANG_WARN_COMMA = YES;
				CLANG_WARN_CONSTANT_CONVERSION = YES;
				CLANG_WARN_DEPRECATED_OBJC_IMPLEMENTATIONS = YES;
				CLANG_WARN_DIRECT_OBJC_ISA_USAGE = YES_ERROR;
				CLANG_WARN_DOCUMENTATION_COMMENTS = YES;
				CLANG_WARN_EMPTY_BODY = YES;
				CLANG_WARN_ENUM_CONVERSION = YES;
				CLANG_WARN_INFINITE_RECURSION = YES;
				CLANG_WARN_INT_CONVERSION = YES;
				CLANG_WARN_NON_LITERAL_NULL_CONVERSION = YES;
				CLANG_WARN_OBJC_IMPLICIT_RETAIN_SELF = YES;
				CLANG_WARN_OBJC_LITERAL_CONVERSION = YES;
				CLANG_WARN_OBJC_ROOT_CLASS = YES_ERROR;
				CLANG_WARN_RANGE_LOOP_ANALYSIS = YES;
				CLANG_WARN_STRICT_PROTOTYPES = YES;
				CLANG_WARN_SUSPICIOUS_MOVE = YES;
				CLANG_WARN_UNGUARDED_AVAILABILITY = YES_AGGRESSIVE;
				CLANG_WARN_UNREACHABLE_CODE = YES;
				CLANG_WARN__DUPLICATE_METHOD_MATCH = YES;
				CODE_SIGN_IDENTITY = "iPhone Developer";
				COPY_PHASE_STRIP = NO;
				DEBUG_INFORMATION_FORMAT = "dwarf-with-dsym";
				ENABLE_NS_ASSERTIONS = NO;
				ENABLE_STRICT_OBJC_MSGSEND = YES;
				GCC_C_LANGUAGE_STANDARD = gnu11;
				GCC_NO_COMMON_BLOCKS = YES;
				GCC_WARN_64_TO_32_BIT_CONVERSION = YES;
				GCC_WARN_ABOUT_RETURN_TYPE = YES_ERROR;
				GCC_WARN_UNDECLARED_SELECTOR = YES;
				GCC_WARN_UNINITIALIZED_AUTOS = YES_AGGRESSIVE;
				GCC_WARN_UNUSED_FUNCTION = YES;
				GCC_WARN_UNUSED_VARIABLE = YES;
				IPHONEOS_DEPLOYMENT_TARGET = 11.3;
				MTL_ENABLE_DEBUG_INFO = NO;
				SDKROOT = iphoneos;
				SWIFT_COMPILATION_MODE = wholemodule;
				SWIFT_OPTIMIZATION_LEVEL = "-O";
				VALIDATE_PRODUCT = YES;
			};
			name = Release;
		};
		253104E120A24E140004966E /* Debug */ = {
			isa = XCBuildConfiguration;
			baseConfigurationReference = 00F01E9D91B5D1F83EDCABBF /* Pods-MLife.debug.xcconfig */;
			buildSettings = {
				ASSETCATALOG_COMPILER_APPICON_NAME = AppIcon;
				CODE_SIGN_STYLE = Automatic;
				DEVELOPMENT_TEAM = KXJQ4CBH5L;
				INFOPLIST_FILE = MLife/Info.plist;
				LD_RUNPATH_SEARCH_PATHS = (
					"$(inherited)",
					"@executable_path/Frameworks",
				);
				PRODUCT_BUNDLE_IDENTIFIER = ca.yizheng.MLife;
				PRODUCT_NAME = "$(TARGET_NAME)";
				SWIFT_VERSION = 4.0;
				TARGETED_DEVICE_FAMILY = 1;
			};
			name = Debug;
		};
		253104E220A24E140004966E /* Release */ = {
			isa = XCBuildConfiguration;
			baseConfigurationReference = 3AD2EA0C303D40C4D0156571 /* Pods-MLife.release.xcconfig */;
			buildSettings = {
				ASSETCATALOG_COMPILER_APPICON_NAME = AppIcon;
				CODE_SIGN_STYLE = Automatic;
				DEVELOPMENT_TEAM = KXJQ4CBH5L;
				INFOPLIST_FILE = MLife/Info.plist;
				LD_RUNPATH_SEARCH_PATHS = (
					"$(inherited)",
					"@executable_path/Frameworks",
				);
				PRODUCT_BUNDLE_IDENTIFIER = ca.yizheng.MLife;
				PRODUCT_NAME = "$(TARGET_NAME)";
				SWIFT_VERSION = 4.0;
				TARGETED_DEVICE_FAMILY = 1;
			};
			name = Release;
		};
/* End XCBuildConfiguration section */

/* Begin XCConfigurationList section */
		253104C920A24E0C0004966E /* Build configuration list for PBXProject "MLife" */ = {
			isa = XCConfigurationList;
			buildConfigurations = (
				253104DE20A24E140004966E /* Debug */,
				253104DF20A24E140004966E /* Release */,
			);
			defaultConfigurationIsVisible = 0;
			defaultConfigurationName = Release;
		};
		253104E020A24E140004966E /* Build configuration list for PBXNativeTarget "MLife" */ = {
			isa = XCConfigurationList;
			buildConfigurations = (
				253104E120A24E140004966E /* Debug */,
				253104E220A24E140004966E /* Release */,
			);
			defaultConfigurationIsVisible = 0;
			defaultConfigurationName = Release;
		};
/* End XCConfigurationList section */
	};
	rootObject = 253104C620A24E0C0004966E /* Project object */;
}
